
Microsoft Visual Studio Solution File, Format Version 12.00
# Visual Studio Version 17
VisualStudioVersion = 17.5.33530.505
MinimumVisualStudioVersion = 10.0.40219.1
Project("{FAE04EC0-301F-11D3-BF4B-00C04F79EFBC}") = "SUT22-AmaingTeknik", "SUT22-AmaingTeknik.csproj", "{030A7719-59F5-4594-B03D-EED5DED4C3EA}"
EndProject
Project("{FAE04EC0-301F-11D3-BF4B-00C04F79EFBC}") = "AmazingTeknikModels", "..\AmazingTeknikModels\AmazingTeknikModels.csproj", "{998780EC-ED75-472A-A3E3-1AAA611C75FF}"
EndProject
Global
	GlobalSection(SolutionConfigurationPlatforms) = preSolution
		Debug|Any CPU = Debug|Any CPU
		Release|Any CPU = Release|Any CPU
	EndGlobalSection
	GlobalSection(ProjectConfigurationPlatforms) = postSolution
		{030A7719-59F5-4594-B03D-EED5DED4C3EA}.Debug|Any CPU.ActiveCfg = Debug|Any CPU
		{030A7719-59F5-4594-B03D-EED5DED4C3EA}.Debug|Any CPU.Build.0 = Debug|Any CPU
		{030A7719-59F5-4594-B03D-EED5DED4C3EA}.Release|Any CPU.ActiveCfg = Release|Any CPU
		{030A7719-59F5-4594-B03D-EED5DED4C3EA}.Release|Any CPU.Build.0 = Release|Any CPU
		{998780EC-ED75-472A-A3E3-1AAA611C75FF}.Debug|Any CPU.ActiveCfg = Debug|Any CPU
		{998780EC-ED75-472A-A3E3-1AAA611C75FF}.Debug|Any CPU.Build.0 = Debug|Any CPU
		{998780EC-ED75-472A-A3E3-1AAA611C75FF}.Release|Any CPU.ActiveCfg = Release|Any CPU
		{998780EC-ED75-472A-A3E3-1AAA611C75FF}.Release|Any CPU.Build.0 = Release|Any CPU
	EndGlobalSection
	GlobalSection(SolutionProperties) = preSolution
		HideSolutionNode = FALSE
	EndGlobalSection
	GlobalSection(ExtensibilityGlobals) = postSolution
		SolutionGuid = {8D17FCE0-BE61-4E97-B759-D2B989C8DE4D}
	EndGlobalSection
EndGlobal
